
Microsoft Visual Studio Solution File, Format Version 12.00
# Visual Studio Version 17
VisualStudioVersion = 17.9.34714.143
MinimumVisualStudioVersion = 10.0.40219.1
Project("{FAE04EC0-301F-11D3-BF4B-00C04F79EFBC}") = "CW23_03", "CW23_03.csproj", "{D16A8E85-2EFF-4AC6-A794-90F577AAB4EE}"
EndProject
Global
	GlobalSection(SolutionConfigurationPlatforms) = preSolution
		Debug|Any CPU = Debug|Any CPU
		Release|Any CPU = Release|Any CPU
	EndGlobalSection
	GlobalSection(ProjectConfigurationPlatforms) = postSolution
		{D16A8E85-2EFF-4AC6-A794-90F577AAB4EE}.Debug|Any CPU.ActiveCfg = Debug|Any CPU
		{D16A8E85-2EFF-4AC6-A794-90F577AAB4EE}.Debug|Any CPU.Build.0 = Debug|Any CPU
		{D16A8E85-2EFF-4AC6-A794-90F577AAB4EE}.Release|Any CPU.ActiveCfg = Release|Any CPU
		{D16A8E85-2EFF-4AC6-A794-90F577AAB4EE}.Release|Any CPU.Build.0 = Release|Any CPU
	EndGlobalSection
	GlobalSection(SolutionProperties) = preSolution
		HideSolutionNode = FALSE
	EndGlobalSection
	GlobalSection(ExtensibilityGlobals) = postSolution
		SolutionGuid = {CE0929ED-BE25-41A1-A407-E74C638AE84E}
	EndGlobalSection
EndGlobal
